
Microsoft Visual Studio Solution File, Format Version 12.00
# Visual Studio Version 16
VisualStudioVersion = 16.0.31624.102
MinimumVisualStudioVersion = 10.0.40219.1
Project("{FAE04EC0-301F-11D3-BF4B-00C04F79EFBC}") = "Task1", "Task1.csproj", "{093A668A-5657-442A-B9B1-B1A48B15F94E}"
EndProject
Global
	GlobalSection(SolutionConfigurationPlatforms) = preSolution
		Debug|Any CPU = Debug|Any CPU
		Release|Any CPU = Release|Any CPU
	EndGlobalSection
	GlobalSection(ProjectConfigurationPlatforms) = postSolution
		{093A668A-5657-442A-B9B1-B1A48B15F94E}.Debug|Any CPU.ActiveCfg = Debug|Any CPU
		{093A668A-5657-442A-B9B1-B1A48B15F94E}.Debug|Any CPU.Build.0 = Debug|Any CPU
		{093A668A-5657-442A-B9B1-B1A48B15F94E}.Release|Any CPU.ActiveCfg = Release|Any CPU
		{093A668A-5657-442A-B9B1-B1A48B15F94E}.Release|Any CPU.Build.0 = Release|Any CPU
	EndGlobalSection
	GlobalSection(SolutionProperties) = preSolution
		HideSolutionNode = FALSE
	EndGlobalSection
	GlobalSection(ExtensibilityGlobals) = postSolution
		SolutionGuid = {CC1A4BBF-DBB7-44EE-A13F-6DA0CFA96F75}
	EndGlobalSection
EndGlobal
